
Microsoft Visual Studio Solution File, Format Version 12.00
# Visual Studio 2012
Project("{FAE04EC0-301F-11D3-BF4B-00C04F79EFBC}") = "alex-assign", "alex-assign\alex-assign.csproj", "{2FD6BB96-F1F4-4630-805A-4F05A0215AC7}"
EndProject
Global
	GlobalSection(SolutionConfigurationPlatforms) = preSolution
		Debug|Any CPU = Debug|Any CPU
		Release|Any CPU = Release|Any CPU
	EndGlobalSection
	GlobalSection(ProjectConfigurationPlatforms) = postSolution
		{2FD6BB96-F1F4-4630-805A-4F05A0215AC7}.Debug|Any CPU.ActiveCfg = Debug|Any CPU
		{2FD6BB96-F1F4-4630-805A-4F05A0215AC7}.Debug|Any CPU.Build.0 = Debug|Any CPU
		{2FD6BB96-F1F4-4630-805A-4F05A0215AC7}.Release|Any CPU.ActiveCfg = Release|Any CPU
		{2FD6BB96-F1F4-4630-805A-4F05A0215AC7}.Release|Any CPU.Build.0 = Release|Any CPU
	EndGlobalSection
	GlobalSection(SolutionProperties) = preSolution
		HideSolutionNode = FALSE
	EndGlobalSection
EndGlobal
